
Microsoft Visual Studio Solution File, Format Version 12.00
# Visual Studio Version 16
VisualStudioVersion = 16.0.810.12
MinimumVisualStudioVersion = 10.0.40219.1
Project("{FAE04EC0-301F-11D3-BF4B-00C04F79EFBC}") = "1-PrimeiroProjeto", "1-PrimeiroProjeto\1-PrimeiroProjeto.csproj", "{064792BC-1876-47C3-BC3F-10D2C8C8B2D4}"
EndProject
Global
	GlobalSection(SolutionConfigurationPlatforms) = preSolution
		Debug|anycpu = Debug|anycpu
		Release|anycpu = Release|anycpu
	EndGlobalSection
	GlobalSection(ProjectConfigurationPlatforms) = postSolution
		{064792BC-1876-47C3-BC3F-10D2C8C8B2D4}.Debug|anycpu.ActiveCfg = Debug|anycpu
		{064792BC-1876-47C3-BC3F-10D2C8C8B2D4}.Debug|anycpu.Build.0 = Debug|anycpu
		{064792BC-1876-47C3-BC3F-10D2C8C8B2D4}.Release|anycpu.ActiveCfg = Release|anycpu
		{064792BC-1876-47C3-BC3F-10D2C8C8B2D4}.Release|anycpu.Build.0 = Release|anycpu
	EndGlobalSection
	GlobalSection(SolutionProperties) = preSolution
		HideSolutionNode = FALSE
	EndGlobalSection
	GlobalSection(ExtensibilityGlobals) = postSolution
		SolutionGuid = {CBE52AC1-553B-4567-932F-0EC076391D53}
	EndGlobalSection
EndGlobal
