
Microsoft Visual Studio Solution File, Format Version 12.00
# Visual Studio Version 16
VisualStudioVersion = 16.0.810.25
MinimumVisualStudioVersion = 10.0.40219.1
Project("{FAE04EC0-301F-11D3-BF4B-00C04F79EFBC}") = "DesignPatterns", "DesignPatterns.csproj", "{AD3106CD-957B-4450-B227-A43FEB2F0474}"
EndProject
Global
	GlobalSection(SolutionConfigurationPlatforms) = preSolution
		Debug|Any CPU = Debug|Any CPU
		Release|Any CPU = Release|Any CPU
	EndGlobalSection
	GlobalSection(ProjectConfigurationPlatforms) = postSolution
		{AD3106CD-957B-4450-B227-A43FEB2F0474}.Debug|Any CPU.ActiveCfg = Debug|Any CPU
		{AD3106CD-957B-4450-B227-A43FEB2F0474}.Debug|Any CPU.Build.0 = Debug|Any CPU
		{AD3106CD-957B-4450-B227-A43FEB2F0474}.Release|Any CPU.ActiveCfg = Release|Any CPU
		{AD3106CD-957B-4450-B227-A43FEB2F0474}.Release|Any CPU.Build.0 = Release|Any CPU
	EndGlobalSection
	GlobalSection(SolutionProperties) = preSolution
		HideSolutionNode = FALSE
	EndGlobalSection
	GlobalSection(ExtensibilityGlobals) = postSolution
		SolutionGuid = {08D32226-425B-4EBB-9E56-8673F12F64C1}
	EndGlobalSection
EndGlobal
